
Microsoft Visual Studio Solution File, Format Version 9.00
# Visual Studio 2005
Project("{8BC9CEB8-8B4A-11D0-8D11-00A0C91BC942}") = "Check30bit", "Check30bit.vcproj", "{628509E6-039A-41A0-90F4-34F278E7BCDF}"
EndProject
Global
	GlobalSection(SolutionConfigurationPlatforms) = preSolution
		Debug|Win32 = Debug|Win32
		Release|Win32 = Release|Win32
	EndGlobalSection
	GlobalSection(ProjectConfigurationPlatforms) = postSolution
		{628509E6-039A-41A0-90F4-34F278E7BCDF}.Debug|Win32.ActiveCfg = Debug|Win32
		{628509E6-039A-41A0-90F4-34F278E7BCDF}.Debug|Win32.Build.0 = Debug|Win32
		{628509E6-039A-41A0-90F4-34F278E7BCDF}.Release|Win32.ActiveCfg = Release|Win32
		{628509E6-039A-41A0-90F4-34F278E7BCDF}.Release|Win32.Build.0 = Release|Win32
	EndGlobalSection
	GlobalSection(SolutionProperties) = preSolution
		HideSolutionNode = FALSE
	EndGlobalSection
EndGlobal
